
Microsoft Visual Studio Solution File, Format Version 12.00
# Visual Studio Version 17
VisualStudioVersion = 17.7.34031.279
MinimumVisualStudioVersion = 10.0.40219.1
Project("{FAE04EC0-301F-11D3-BF4B-00C04F79EFBC}") = "WebApplication1", "WebApplication1\WebApplication1.csproj", "{2B7B4B77-7C34-473F-835C-F7AEA2C1BB9D}"
EndProject
Global
	GlobalSection(SolutionConfigurationPlatforms) = preSolution
		Debug|Any CPU = Debug|Any CPU
		Release|Any CPU = Release|Any CPU
	EndGlobalSection
	GlobalSection(ProjectConfigurationPlatforms) = postSolution
		{2B7B4B77-7C34-473F-835C-F7AEA2C1BB9D}.Debug|Any CPU.ActiveCfg = Debug|Any CPU
		{2B7B4B77-7C34-473F-835C-F7AEA2C1BB9D}.Debug|Any CPU.Build.0 = Debug|Any CPU
		{2B7B4B77-7C34-473F-835C-F7AEA2C1BB9D}.Release|Any CPU.ActiveCfg = Release|Any CPU
		{2B7B4B77-7C34-473F-835C-F7AEA2C1BB9D}.Release|Any CPU.Build.0 = Release|Any CPU
	EndGlobalSection
	GlobalSection(SolutionProperties) = preSolution
		HideSolutionNode = FALSE
	EndGlobalSection
	GlobalSection(ExtensibilityGlobals) = postSolution
		SolutionGuid = {068929D4-2B32-4160-9B5B-8130C53B00C9}
	EndGlobalSection
EndGlobal
